# This file is automatically @generated by Cargo.
# It is not intended for manual editing.
version = 4

[[package]]
name = "collector"
version = "0.1.0"

[[package]]
name = "control-engine"
version = "0.1.0"

[[package]]
name = "data-pipeline"
version = "0.1.0"

[[package]]
name = "device-manager"
version = "0.1.0"

[[package]]
name = "diagnostics"
version = "0.1.0"

[[package]]
name = "domain-model"
version = "0.1.0"

[[package]]
name = "driver-loader"
version = "0.1.0"

[[package]]
name = "driver-modbus"
version = "0.1.0"

[[package]]
name = "driver-sdk"
version = "0.1.0"

[[package]]
name = "edge-core"
version = "0.1.0"

[[package]]
name = "edge-server"
version = "0.1.0"

[[package]]
name = "local-buffer"
version = "0.1.0"

[[package]]
name = "manager"
version = "0.1.0"

[[package]]
name = "mqtt-client"
version = "0.1.0"

[[package]]
name = "poll-engine"
version = "0.1.0"

[[package]]
name = "profile-engine"
version = "0.1.0"
